
Microsoft Visual Studio Solution File, Format Version 12.00
# Blend for Visual Studio Version 17
VisualStudioVersion = 17.8.34525.116
MinimumVisualStudioVersion = 10.0.40219.1
Project("{FAE04EC0-301F-11D3-BF4B-00C04F79EFBC}") = "AnimateButton", "AnimateButton\AnimateButton.csproj", "{9176397E-A7F2-4A51-AAC7-E661DF8B21A2}"
EndProject
Global
	GlobalSection(SolutionConfigurationPlatforms) = preSolution
		Debug|Any CPU = Debug|Any CPU
		Release|Any CPU = Release|Any CPU
	EndGlobalSection
	GlobalSection(ProjectConfigurationPlatforms) = postSolution
		{9176397E-A7F2-4A51-AAC7-E661DF8B21A2}.Debug|Any CPU.ActiveCfg = Debug|Any CPU
		{9176397E-A7F2-4A51-AAC7-E661DF8B21A2}.Debug|Any CPU.Build.0 = Debug|Any CPU
		{9176397E-A7F2-4A51-AAC7-E661DF8B21A2}.Release|Any CPU.ActiveCfg = Release|Any CPU
		{9176397E-A7F2-4A51-AAC7-E661DF8B21A2}.Release|Any CPU.Build.0 = Release|Any CPU
	EndGlobalSection
	GlobalSection(SolutionProperties) = preSolution
		HideSolutionNode = FALSE
	EndGlobalSection
	GlobalSection(ExtensibilityGlobals) = postSolution
		SolutionGuid = {68EE01CC-F44E-479A-BE8D-64FA93FD2061}
	EndGlobalSection
EndGlobal
